
Microsoft Visual Studio Solution File, Format Version 12.00
# Visual Studio Version 17
VisualStudioVersion = 17.1.31911.260
MinimumVisualStudioVersion = 10.0.40219.1
Project("{9A19103F-16F7-4668-BE54-9A1E7A4F7556}") = "Sirius", "src\Sirius\Sirius.csproj", "{6EE7ACA6-6FB0-4D8C-9FC6-7BCAE184C059}"
EndProject
Global
	GlobalSection(SolutionConfigurationPlatforms) = preSolution
		Debug|Any CPU = Debug|Any CPU
		Release|Any CPU = Release|Any CPU
	EndGlobalSection
	GlobalSection(ProjectConfigurationPlatforms) = postSolution
		{6EE7ACA6-6FB0-4D8C-9FC6-7BCAE184C059}.Debug|Any CPU.ActiveCfg = Debug|Any CPU
		{6EE7ACA6-6FB0-4D8C-9FC6-7BCAE184C059}.Debug|Any CPU.Build.0 = Debug|Any CPU
		{6EE7ACA6-6FB0-4D8C-9FC6-7BCAE184C059}.Release|Any CPU.ActiveCfg = Release|Any CPU
		{6EE7ACA6-6FB0-4D8C-9FC6-7BCAE184C059}.Release|Any CPU.Build.0 = Release|Any CPU
	EndGlobalSection
	GlobalSection(SolutionProperties) = preSolution
		HideSolutionNode = FALSE
	EndGlobalSection
	GlobalSection(ExtensibilityGlobals) = postSolution
		SolutionGuid = {656AEF63-CF79-4024-AA2C-C9C9EE5C3989}
	EndGlobalSection
EndGlobal
